
Microsoft Visual Studio Solution File, Format Version 12.00
# Visual Studio 2013
VisualStudioVersion = 12.0.31101.0
MinimumVisualStudioVersion = 10.0.40219.1
Project("{FAE04EC0-301F-11D3-BF4B-00C04F79EFBC}") = "01.SumOf3Nmbers", "01.SumOf3Nmbers\01.SumOf3Nmbers.csproj", "{97CE7A58-1D26-4348-AC61-FC2001174634}"
EndProject
Project("{FAE04EC0-301F-11D3-BF4B-00C04F79EFBC}") = "02.CompanyInfo", "02.CompanyInfo\02.CompanyInfo.csproj", "{EC06BC48-FEE4-4233-A85A-3FFE46B16E1F}"
EndProject
Project("{FAE04EC0-301F-11D3-BF4B-00C04F79EFBC}") = "03.Circle", "03.Circle\03.Circle.csproj", "{CF09160D-5BDC-48FE-A39D-8F7C291BF54D}"
EndProject
Project("{FAE04EC0-301F-11D3-BF4B-00C04F79EFBC}") = "04.NumberComparer", "04.NumberComparer\04.NumberComparer.csproj", "{B2E0BB4E-4CA2-4392-8AE0-24BBAC8A7BCB}"
EndProject
Project("{FAE04EC0-301F-11D3-BF4B-00C04F79EFBC}") = "06.QuadraticEquation", "06.QuadraticEquation\06.QuadraticEquation.csproj", "{F3BC0A86-6288-4A84-9FF8-B8DB2C600BDC}"
EndProject
Project("{FAE04EC0-301F-11D3-BF4B-00C04F79EFBC}") = "07.SumOf5Numbers", "07.SumOf5Numbers\07.SumOf5Numbers.csproj", "{408B06C0-E19A-4C07-BD2A-708E63B9D9C7}"
EndProject
Project("{FAE04EC0-301F-11D3-BF4B-00C04F79EFBC}") = "08.NumbersForm1toN", "08.NumbersForm1toN\08.NumbersForm1toN.csproj", "{D9372942-04AD-4C5B-A4F5-635C7B0C0C10}"
EndProject
Project("{FAE04EC0-301F-11D3-BF4B-00C04F79EFBC}") = "09.SumOFnNumbers", "09.SumOFnNumbers\09.SumOFnNumbers.csproj", "{EE0978AD-C3D8-4B37-A756-63EFC2C1C04A}"
EndProject
Project("{FAE04EC0-301F-11D3-BF4B-00C04F79EFBC}") = "10.Fibonacci Numbers", "10.Fibonacci Numbers\10.Fibonacci Numbers.csproj", "{C5874984-756A-4509-9E1F-651F159BF38C}"
EndProject
Project("{FAE04EC0-301F-11D3-BF4B-00C04F79EFBC}") = "11.Interval", "11.Interval\11.Interval.csproj", "{FD2BFDC8-706A-4DC5-B9BE-FBEB210A14CA}"
EndProject
Global
	GlobalSection(SolutionConfigurationPlatforms) = preSolution
		Debug|Any CPU = Debug|Any CPU
		Release|Any CPU = Release|Any CPU
	EndGlobalSection
	GlobalSection(ProjectConfigurationPlatforms) = postSolution
		{97CE7A58-1D26-4348-AC61-FC2001174634}.Debug|Any CPU.ActiveCfg = Debug|Any CPU
		{97CE7A58-1D26-4348-AC61-FC2001174634}.Debug|Any CPU.Build.0 = Debug|Any CPU
		{97CE7A58-1D26-4348-AC61-FC2001174634}.Release|Any CPU.ActiveCfg = Release|Any CPU
		{97CE7A58-1D26-4348-AC61-FC2001174634}.Release|Any CPU.Build.0 = Release|Any CPU
		{EC06BC48-FEE4-4233-A85A-3FFE46B16E1F}.Debug|Any CPU.ActiveCfg = Debug|Any CPU
		{EC06BC48-FEE4-4233-A85A-3FFE46B16E1F}.Debug|Any CPU.Build.0 = Debug|Any CPU
		{EC06BC48-FEE4-4233-A85A-3FFE46B16E1F}.Release|Any CPU.ActiveCfg = Release|Any CPU
		{EC06BC48-FEE4-4233-A85A-3FFE46B16E1F}.Release|Any CPU.Build.0 = Release|Any CPU
		{CF09160D-5BDC-48FE-A39D-8F7C291BF54D}.Debug|Any CPU.ActiveCfg = Debug|Any CPU
		{CF09160D-5BDC-48FE-A39D-8F7C291BF54D}.Debug|Any CPU.Build.0 = Debug|Any CPU
		{CF09160D-5BDC-48FE-A39D-8F7C291BF54D}.Release|Any CPU.ActiveCfg = Release|Any CPU
		{CF09160D-5BDC-48FE-A39D-8F7C291BF54D}.Release|Any CPU.Build.0 = Release|Any CPU
		{B2E0BB4E-4CA2-4392-8AE0-24BBAC8A7BCB}.Debug|Any CPU.ActiveCfg = Debug|Any CPU
		{B2E0BB4E-4CA2-4392-8AE0-24BBAC8A7BCB}.Debug|Any CPU.Build.0 = Debug|Any CPU
		{B2E0BB4E-4CA2-4392-8AE0-24BBAC8A7BCB}.Release|Any CPU.ActiveCfg = Release|Any CPU
		{B2E0BB4E-4CA2-4392-8AE0-24BBAC8A7BCB}.Release|Any CPU.Build.0 = Release|Any CPU
		{F3BC0A86-6288-4A84-9FF8-B8DB2C600BDC}.Debug|Any CPU.ActiveCfg = Debug|Any CPU
		{F3BC0A86-6288-4A84-9FF8-B8DB2C600BDC}.Debug|Any CPU.Build.0 = Debug|Any CPU
		{F3BC0A86-6288-4A84-9FF8-B8DB2C600BDC}.Release|Any CPU.ActiveCfg = Release|Any CPU
		{F3BC0A86-6288-4A84-9FF8-B8DB2C600BDC}.Release|Any CPU.Build.0 = Release|Any CPU
		{408B06C0-E19A-4C07-BD2A-708E63B9D9C7}.Debug|Any CPU.ActiveCfg = Debug|Any CPU
		{408B06C0-E19A-4C07-BD2A-708E63B9D9C7}.Debug|Any CPU.Build.0 = Debug|Any CPU
		{408B06C0-E19A-4C07-BD2A-708E63B9D9C7}.Release|Any CPU.ActiveCfg = Release|Any CPU
		{408B06C0-E19A-4C07-BD2A-708E63B9D9C7}.Release|Any CPU.Build.0 = Release|Any CPU
		{D9372942-04AD-4C5B-A4F5-635C7B0C0C10}.Debug|Any CPU.ActiveCfg = Debug|Any CPU
		{D9372942-04AD-4C5B-A4F5-635C7B0C0C10}.Debug|Any CPU.Build.0 = Debug|Any CPU
		{D9372942-04AD-4C5B-A4F5-635C7B0C0C10}.Release|Any CPU.ActiveCfg = Release|Any CPU
		{D9372942-04AD-4C5B-A4F5-635C7B0C0C10}.Release|Any CPU.Build.0 = Release|Any CPU
		{EE0978AD-C3D8-4B37-A756-63EFC2C1C04A}.Debug|Any CPU.ActiveCfg = Debug|Any CPU
		{EE0978AD-C3D8-4B37-A756-63EFC2C1C04A}.Debug|Any CPU.Build.0 = Debug|Any CPU
		{EE0978AD-C3D8-4B37-A756-63EFC2C1C04A}.Release|Any CPU.ActiveCfg = Release|Any CPU
		{EE0978AD-C3D8-4B37-A756-63EFC2C1C04A}.Release|Any CPU.Build.0 = Release|Any CPU
		{C5874984-756A-4509-9E1F-651F159BF38C}.Debug|Any CPU.ActiveCfg = Debug|Any CPU
		{C5874984-756A-4509-9E1F-651F159BF38C}.Debug|Any CPU.Build.0 = Debug|Any CPU
		{C5874984-756A-4509-9E1F-651F159BF38C}.Release|Any CPU.ActiveCfg = Release|Any CPU
		{C5874984-756A-4509-9E1F-651F159BF38C}.Release|Any CPU.Build.0 = Release|Any CPU
		{FD2BFDC8-706A-4DC5-B9BE-FBEB210A14CA}.Debug|Any CPU.ActiveCfg = Debug|Any CPU
		{FD2BFDC8-706A-4DC5-B9BE-FBEB210A14CA}.Debug|Any CPU.Build.0 = Debug|Any CPU
		{FD2BFDC8-706A-4DC5-B9BE-FBEB210A14CA}.Release|Any CPU.ActiveCfg = Release|Any CPU
		{FD2BFDC8-706A-4DC5-B9BE-FBEB210A14CA}.Release|Any CPU.Build.0 = Release|Any CPU
	EndGlobalSection
	GlobalSection(SolutionProperties) = preSolution
		HideSolutionNode = FALSE
	EndGlobalSection
EndGlobal
