
Microsoft Visual Studio Solution File, Format Version 12.00
# Visual Studio 2013
VisualStudioVersion = 12.0.31101.0
MinimumVisualStudioVersion = 10.0.40219.1
Project("{FAE04EC0-301F-11D3-BF4B-00C04F79EFBC}") = "StrangeLandNumbers", "StrangeLandNumbers\StrangeLandNumbers.csproj", "{68080C02-342F-43ED-A8AD-528F097FB4E0}"
EndProject
Project("{FAE04EC0-301F-11D3-BF4B-00C04F79EFBC}") = "TwoGirlsOnePath", "TwoGirlsOnePath\TwoGirlsOnePath.csproj", "{B53D6159-0EE2-4541-B2B5-392AFE260F1E}"
EndProject
Project("{FAE04EC0-301F-11D3-BF4B-00C04F79EFBC}") = "RelevanceIndex", "RelevanceIndex\RelevanceIndex.csproj", "{00A975EB-A519-4EB2-A9B9-58942A921A01}"
EndProject
Global
	GlobalSection(SolutionConfigurationPlatforms) = preSolution
		Debug|Any CPU = Debug|Any CPU
		Release|Any CPU = Release|Any CPU
	EndGlobalSection
	GlobalSection(ProjectConfigurationPlatforms) = postSolution
		{68080C02-342F-43ED-A8AD-528F097FB4E0}.Debug|Any CPU.ActiveCfg = Debug|Any CPU
		{68080C02-342F-43ED-A8AD-528F097FB4E0}.Debug|Any CPU.Build.0 = Debug|Any CPU
		{68080C02-342F-43ED-A8AD-528F097FB4E0}.Release|Any CPU.ActiveCfg = Release|Any CPU
		{68080C02-342F-43ED-A8AD-528F097FB4E0}.Release|Any CPU.Build.0 = Release|Any CPU
		{B53D6159-0EE2-4541-B2B5-392AFE260F1E}.Debug|Any CPU.ActiveCfg = Debug|Any CPU
		{B53D6159-0EE2-4541-B2B5-392AFE260F1E}.Debug|Any CPU.Build.0 = Debug|Any CPU
		{B53D6159-0EE2-4541-B2B5-392AFE260F1E}.Release|Any CPU.ActiveCfg = Release|Any CPU
		{B53D6159-0EE2-4541-B2B5-392AFE260F1E}.Release|Any CPU.Build.0 = Release|Any CPU
		{00A975EB-A519-4EB2-A9B9-58942A921A01}.Debug|Any CPU.ActiveCfg = Debug|Any CPU
		{00A975EB-A519-4EB2-A9B9-58942A921A01}.Debug|Any CPU.Build.0 = Debug|Any CPU
		{00A975EB-A519-4EB2-A9B9-58942A921A01}.Release|Any CPU.ActiveCfg = Release|Any CPU
		{00A975EB-A519-4EB2-A9B9-58942A921A01}.Release|Any CPU.Build.0 = Release|Any CPU
	EndGlobalSection
	GlobalSection(SolutionProperties) = preSolution
		HideSolutionNode = FALSE
	EndGlobalSection
EndGlobal
