
Microsoft Visual Studio Solution File, Format Version 12.00
# Visual Studio 2013
VisualStudioVersion = 12.0.31101.0
MinimumVisualStudioVersion = 10.0.40219.1
Project("{FAE04EC0-301F-11D3-BF4B-00C04F79EFBC}") = "01.allocateArrays", "01.allocateArrays\01.allocateArrays.csproj", "{ADC8C766-ABF6-446E-BA0C-AA82A024DFB5}"
EndProject
Project("{FAE04EC0-301F-11D3-BF4B-00C04F79EFBC}") = "02.compareArrays", "02.compareArrays\02.compareArrays.csproj", "{12C6676C-6C17-48C0-A555-492BD25CDD62}"
EndProject
Project("{FAE04EC0-301F-11D3-BF4B-00C04F79EFBC}") = "03.compareCharArray", "03.compareCharArray\03.compareCharArray.csproj", "{8CC98A53-C7BF-4C2E-8B96-BDEDFE35745B}"
EndProject
Project("{FAE04EC0-301F-11D3-BF4B-00C04F79EFBC}") = "04.maximalSequence", "04.maximalSequence\04.maximalSequence.csproj", "{CB576D22-35AC-49A7-9AED-935C2374D4BD}"
EndProject
Global
	GlobalSection(SolutionConfigurationPlatforms) = preSolution
		Debug|Any CPU = Debug|Any CPU
		Release|Any CPU = Release|Any CPU
	EndGlobalSection
	GlobalSection(ProjectConfigurationPlatforms) = postSolution
		{ADC8C766-ABF6-446E-BA0C-AA82A024DFB5}.Debug|Any CPU.ActiveCfg = Debug|Any CPU
		{ADC8C766-ABF6-446E-BA0C-AA82A024DFB5}.Debug|Any CPU.Build.0 = Debug|Any CPU
		{ADC8C766-ABF6-446E-BA0C-AA82A024DFB5}.Release|Any CPU.ActiveCfg = Release|Any CPU
		{ADC8C766-ABF6-446E-BA0C-AA82A024DFB5}.Release|Any CPU.Build.0 = Release|Any CPU
		{12C6676C-6C17-48C0-A555-492BD25CDD62}.Debug|Any CPU.ActiveCfg = Debug|Any CPU
		{12C6676C-6C17-48C0-A555-492BD25CDD62}.Debug|Any CPU.Build.0 = Debug|Any CPU
		{12C6676C-6C17-48C0-A555-492BD25CDD62}.Release|Any CPU.ActiveCfg = Release|Any CPU
		{12C6676C-6C17-48C0-A555-492BD25CDD62}.Release|Any CPU.Build.0 = Release|Any CPU
		{8CC98A53-C7BF-4C2E-8B96-BDEDFE35745B}.Debug|Any CPU.ActiveCfg = Debug|Any CPU
		{8CC98A53-C7BF-4C2E-8B96-BDEDFE35745B}.Debug|Any CPU.Build.0 = Debug|Any CPU
		{8CC98A53-C7BF-4C2E-8B96-BDEDFE35745B}.Release|Any CPU.ActiveCfg = Release|Any CPU
		{8CC98A53-C7BF-4C2E-8B96-BDEDFE35745B}.Release|Any CPU.Build.0 = Release|Any CPU
		{CB576D22-35AC-49A7-9AED-935C2374D4BD}.Debug|Any CPU.ActiveCfg = Debug|Any CPU
		{CB576D22-35AC-49A7-9AED-935C2374D4BD}.Debug|Any CPU.Build.0 = Debug|Any CPU
		{CB576D22-35AC-49A7-9AED-935C2374D4BD}.Release|Any CPU.ActiveCfg = Release|Any CPU
		{CB576D22-35AC-49A7-9AED-935C2374D4BD}.Release|Any CPU.Build.0 = Release|Any CPU
	EndGlobalSection
	GlobalSection(SolutionProperties) = preSolution
		HideSolutionNode = FALSE
	EndGlobalSection
EndGlobal
